<?xml version="1.0" encoding="utf-8"?>
<Project ToolsVersion="17.0" xmlns="http://schemas.microsoft.com/developer/msbuild/2003">
  <ItemGroup>
    <ClCompile Include="E:\VSCODE_PROJECT\TransportCatalogue\domain.cpp">
      <Filter>Source Files</Filter>
    </ClCompile>
    <ClCompile Include="E:\VSCODE_PROJECT\TransportCatalogue\geo.cpp">
      <Filter>Source Files</Filter>
    </ClCompile>
    <ClCompile Include="E:\VSCODE_PROJECT\TransportCatalogue\input_reader.cpp">
      <Filter>Source Files</Filter>
    </ClCompile>
    <ClCompile Include="E:\VSCODE_PROJECT\TransportCatalogue\json.cpp">
      <Filter>Source Files</Filter>
    </ClCompile>
    <ClCompile Include="E:\VSCODE_PROJECT\TransportCatalogue\json_builder.cpp">
      <Filter>Source Files</Filter>
    </ClCompile>
    <ClCompile Include="E:\VSCODE_PROJECT\TransportCatalogue\json_reader.cpp">
      <Filter>Source Files</Filter>
    </ClCompile>
    <ClCompile Include="E:\VSCODE_PROJECT\TransportCatalogue\main.cpp">
      <Filter>Source Files</Filter>
    </ClCompile>
    <ClCompile Include="E:\VSCODE_PROJECT\TransportCatalogue\map_renderer.cpp">
      <Filter>Source Files</Filter>
    </ClCompile>
    <ClCompile Include="E:\VSCODE_PROJECT\TransportCatalogue\request_handler.cpp">
      <Filter>Source Files</Filter>
    </ClCompile>
    <ClCompile Include="E:\VSCODE_PROJECT\TransportCatalogue\stat_reader.cpp">
      <Filter>Source Files</Filter>
    </ClCompile>
    <ClCompile Include="E:\VSCODE_PROJECT\TransportCatalogue\svg.cpp">
      <Filter>Source Files</Filter>
    </ClCompile>
    <ClCompile Include="E:\VSCODE_PROJECT\TransportCatalogue\transport_catalogue.cpp">
      <Filter>Source Files</Filter>
    </ClCompile>
  </ItemGroup>
  <ItemGroup>
    <ClInclude Include="E:\VSCODE_PROJECT\TransportCatalogue\domain.h">
      <Filter>Header Files</Filter>
    </ClInclude>
    <ClInclude Include="E:\VSCODE_PROJECT\TransportCatalogue\geo.h">
      <Filter>Header Files</Filter>
    </ClInclude>
    <ClInclude Include="E:\VSCODE_PROJECT\TransportCatalogue\input_reader.h">
      <Filter>Header Files</Filter>
    </ClInclude>
    <ClInclude Include="E:\VSCODE_PROJECT\TransportCatalogue\json.h">
      <Filter>Header Files</Filter>
    </ClInclude>
    <ClInclude Include="E:\VSCODE_PROJECT\TransportCatalogue\json_builder.h">
      <Filter>Header Files</Filter>
    </ClInclude>
    <ClInclude Include="E:\VSCODE_PROJECT\TransportCatalogue\json_reader.h">
      <Filter>Header Files</Filter>
    </ClInclude>
    <ClInclude Include="E:\VSCODE_PROJECT\TransportCatalogue\map_renderer.h">
      <Filter>Header Files</Filter>
    </ClInclude>
    <ClInclude Include="E:\VSCODE_PROJECT\TransportCatalogue\request_handler.h">
      <Filter>Header Files</Filter>
    </ClInclude>
    <ClInclude Include="E:\VSCODE_PROJECT\TransportCatalogue\stat_reader.h">
      <Filter>Header Files</Filter>
    </ClInclude>
    <ClInclude Include="E:\VSCODE_PROJECT\TransportCatalogue\svg.h">
      <Filter>Header Files</Filter>
    </ClInclude>
    <ClInclude Include="E:\VSCODE_PROJECT\TransportCatalogue\transport_catalogue.h">
      <Filter>Header Files</Filter>
    </ClInclude>
  </ItemGroup>
  <ItemGroup>
    <CustomBuild Include="E:\VSCODE_PROJECT\TransportCatalogue\CMakeLists.txt" />
  </ItemGroup>
  <ItemGroup>
    <Filter Include="Header Files">
      <UniqueIdentifier>{4A0EE326-0F63-32AB-A24C-BFAFBC99E9AE}</UniqueIdentifier>
    </Filter>
    <Filter Include="Source Files">
      <UniqueIdentifier>{A0A3E4CD-C4EB-3477-9334-2A1E454D8781}</UniqueIdentifier>
    </Filter>
  </ItemGroup>
</Project>
